
Microsoft Visual Studio Solution File, Format Version 12.00
# Visual Studio 2013
VisualStudioVersion = 12.0.21005.1
MinimumVisualStudioVersion = 10.0.40219.1
Project("{FAE04EC0-301F-11D3-BF4B-00C04F79EFBC}") = "Zadacha1", "Zadacha1\Zadacha1.csproj", "{2F94B6F7-1FB9-4BC4-B0DD-35B4CF7C099E}"
EndProject
Project("{FAE04EC0-301F-11D3-BF4B-00C04F79EFBC}") = "Zadacha2", "Zadacha2\Zadacha2.csproj", "{C6B8DB61-E4EE-464B-BADE-2D1B9BABB0DA}"
EndProject
Project("{FAE04EC0-301F-11D3-BF4B-00C04F79EFBC}") = "Zadacha3", "Zadacha3\Zadacha3.csproj", "{AB5B7408-A25C-46C7-B995-71CE8BDD81A7}"
EndProject
Project("{FAE04EC0-301F-11D3-BF4B-00C04F79EFBC}") = "Zadacha4", "Zadacha4\Zadacha4.csproj", "{F1F44DDE-4664-4BF1-A18B-32E7C74DA4DB}"
EndProject
Global
	GlobalSection(SolutionConfigurationPlatforms) = preSolution
		Debug|Any CPU = Debug|Any CPU
		Release|Any CPU = Release|Any CPU
	EndGlobalSection
	GlobalSection(ProjectConfigurationPlatforms) = postSolution
		{2F94B6F7-1FB9-4BC4-B0DD-35B4CF7C099E}.Debug|Any CPU.ActiveCfg = Debug|Any CPU
		{2F94B6F7-1FB9-4BC4-B0DD-35B4CF7C099E}.Debug|Any CPU.Build.0 = Debug|Any CPU
		{2F94B6F7-1FB9-4BC4-B0DD-35B4CF7C099E}.Release|Any CPU.ActiveCfg = Release|Any CPU
		{2F94B6F7-1FB9-4BC4-B0DD-35B4CF7C099E}.Release|Any CPU.Build.0 = Release|Any CPU
		{C6B8DB61-E4EE-464B-BADE-2D1B9BABB0DA}.Debug|Any CPU.ActiveCfg = Debug|Any CPU
		{C6B8DB61-E4EE-464B-BADE-2D1B9BABB0DA}.Debug|Any CPU.Build.0 = Debug|Any CPU
		{C6B8DB61-E4EE-464B-BADE-2D1B9BABB0DA}.Release|Any CPU.ActiveCfg = Release|Any CPU
		{C6B8DB61-E4EE-464B-BADE-2D1B9BABB0DA}.Release|Any CPU.Build.0 = Release|Any CPU
		{AB5B7408-A25C-46C7-B995-71CE8BDD81A7}.Debug|Any CPU.ActiveCfg = Debug|Any CPU
		{AB5B7408-A25C-46C7-B995-71CE8BDD81A7}.Debug|Any CPU.Build.0 = Debug|Any CPU
		{AB5B7408-A25C-46C7-B995-71CE8BDD81A7}.Release|Any CPU.ActiveCfg = Release|Any CPU
		{AB5B7408-A25C-46C7-B995-71CE8BDD81A7}.Release|Any CPU.Build.0 = Release|Any CPU
		{F1F44DDE-4664-4BF1-A18B-32E7C74DA4DB}.Debug|Any CPU.ActiveCfg = Debug|Any CPU
		{F1F44DDE-4664-4BF1-A18B-32E7C74DA4DB}.Debug|Any CPU.Build.0 = Debug|Any CPU
		{F1F44DDE-4664-4BF1-A18B-32E7C74DA4DB}.Release|Any CPU.ActiveCfg = Release|Any CPU
		{F1F44DDE-4664-4BF1-A18B-32E7C74DA4DB}.Release|Any CPU.Build.0 = Release|Any CPU
	EndGlobalSection
	GlobalSection(SolutionProperties) = preSolution
		HideSolutionNode = FALSE
	EndGlobalSection
EndGlobal
