
Microsoft Visual Studio Solution File, Format Version 12.00
# Visual Studio 2013
VisualStudioVersion = 12.0.21005.1
MinimumVisualStudioVersion = 10.0.40219.1
Project("{FAE04EC0-301F-11D3-BF4B-00C04F79EFBC}") = "zadacha1", "zadacha1\zadacha1.csproj", "{86D01CBD-4D6F-4928-AA63-D5F8BFD988BB}"
EndProject
Project("{FAE04EC0-301F-11D3-BF4B-00C04F79EFBC}") = "Zadacha2", "Zadacha2\Zadacha2.csproj", "{4352A39B-E98E-4A91-953F-B974DF3B7568}"
EndProject
Project("{FAE04EC0-301F-11D3-BF4B-00C04F79EFBC}") = "Zadacha3", "Zadacha3\Zadacha3.csproj", "{C0335DD2-D92F-470A-890B-45879FB4F8D3}"
EndProject
Project("{FAE04EC0-301F-11D3-BF4B-00C04F79EFBC}") = "Zadacha4", "Zadacha4\Zadacha4.csproj", "{1BBE1EA9-480C-478B-B2A5-20E504AC3CC2}"
EndProject
Global
	GlobalSection(SolutionConfigurationPlatforms) = preSolution
		Debug|Any CPU = Debug|Any CPU
		Release|Any CPU = Release|Any CPU
	EndGlobalSection
	GlobalSection(ProjectConfigurationPlatforms) = postSolution
		{86D01CBD-4D6F-4928-AA63-D5F8BFD988BB}.Debug|Any CPU.ActiveCfg = Debug|Any CPU
		{86D01CBD-4D6F-4928-AA63-D5F8BFD988BB}.Debug|Any CPU.Build.0 = Debug|Any CPU
		{86D01CBD-4D6F-4928-AA63-D5F8BFD988BB}.Release|Any CPU.ActiveCfg = Release|Any CPU
		{86D01CBD-4D6F-4928-AA63-D5F8BFD988BB}.Release|Any CPU.Build.0 = Release|Any CPU
		{4352A39B-E98E-4A91-953F-B974DF3B7568}.Debug|Any CPU.ActiveCfg = Debug|Any CPU
		{4352A39B-E98E-4A91-953F-B974DF3B7568}.Debug|Any CPU.Build.0 = Debug|Any CPU
		{4352A39B-E98E-4A91-953F-B974DF3B7568}.Release|Any CPU.ActiveCfg = Release|Any CPU
		{4352A39B-E98E-4A91-953F-B974DF3B7568}.Release|Any CPU.Build.0 = Release|Any CPU
		{C0335DD2-D92F-470A-890B-45879FB4F8D3}.Debug|Any CPU.ActiveCfg = Debug|Any CPU
		{C0335DD2-D92F-470A-890B-45879FB4F8D3}.Debug|Any CPU.Build.0 = Debug|Any CPU
		{C0335DD2-D92F-470A-890B-45879FB4F8D3}.Release|Any CPU.ActiveCfg = Release|Any CPU
		{C0335DD2-D92F-470A-890B-45879FB4F8D3}.Release|Any CPU.Build.0 = Release|Any CPU
		{1BBE1EA9-480C-478B-B2A5-20E504AC3CC2}.Debug|Any CPU.ActiveCfg = Debug|Any CPU
		{1BBE1EA9-480C-478B-B2A5-20E504AC3CC2}.Debug|Any CPU.Build.0 = Debug|Any CPU
		{1BBE1EA9-480C-478B-B2A5-20E504AC3CC2}.Release|Any CPU.ActiveCfg = Release|Any CPU
		{1BBE1EA9-480C-478B-B2A5-20E504AC3CC2}.Release|Any CPU.Build.0 = Release|Any CPU
	EndGlobalSection
	GlobalSection(SolutionProperties) = preSolution
		HideSolutionNode = FALSE
	EndGlobalSection
EndGlobal
